<?xml version="1.0" encoding="utf-8"?>
<Project ToolsVersion="4.0" xmlns="http://schemas.microsoft.com/developer/msbuild/2003">
  <ItemGroup>
    <Filter Include="src">
      <UniqueIdentifier>{2bffa960-59c0-48e9-b748-5fe7a94e8601}</UniqueIdentifier>
    </Filter>
    <Filter Include="include">
      <UniqueIdentifier>{aeeeeb6c-afb0-4b23-ade8-31403d2d30be}</UniqueIdentifier>
    </Filter>
    <Filter Include="conf">
      <UniqueIdentifier>{b2181fee-c7cf-4429-ac82-f2c14c399885}</UniqueIdentifier>
    </Filter>
  </ItemGroup>
  <ItemGroup>
    <ClCompile Include="src\main.cpp">
      <Filter>src</Filter>
    </ClCompile>
    <ClCompile Include="Task.cpp" />
    <ClCompile Include="src\task.cpp">
      <Filter>src</Filter>
    </ClCompile>
  </ItemGroup>
  <ItemGroup>
    <None Include="src\Makefile">
      <Filter>src</Filter>
    </None>
    <None Include="Makefile" />
    <None Include="conf\updator.properties">
      <Filter>conf</Filter>
    </None>
  </ItemGroup>
  <ItemGroup>
    <ClInclude Include="include\updator.h">
      <Filter>include</Filter>
    </ClInclude>
    <ClInclude Include="include\task.h">
      <Filter>include</Filter>
    </ClInclude>
  </ItemGroup>
</Project>